{
  "name": "card2",
  "version": "1.0.0",
  "lockfileVersion": 2,
  "requires": true,
  "packages": {
    "": {
      "name": "card2",
      "version": "1.0.0",
      "license": "ISC",
      "dependencies": {
        "imask": "^6.4.3",
        "inputmask": "^5.0.7",
        "redom": "^3.29.1"
      }
    },
    "node_modules/imask": {
      "version": "6.4.3",
      "resolved": "https://registry.npmjs.org/imask/-/imask-6.4.3.tgz",
      "integrity": "sha512-aH2GHemGkr3cbRBfhogHMIx05eUxdHrZNlKTTLmz8VxpSopuHHJ8+85FsDlBVQqxPlDLhZuwj4lpHHWbLOdBSw==",
      "engines": {
        "npm": ">=4.0.0"
      }
    },
    "node_modules/inputmask": {
      "version": "5.0.7",
      "resolved": "https://registry.npmjs.org/inputmask/-/inputmask-5.0.7.tgz",
      "integrity": "sha512-rUxbRDS25KEib+c/Ow+K01oprU/+EK9t9SOPC8ov94/ftULGDqj1zOgRU/Hko6uzoKRMdwCfuhAafJ/Wk2wffQ=="
    },
    "node_modules/redom": {
      "version": "3.29.1",
      "resolved": "https://registry.npmjs.org/redom/-/redom-3.29.1.tgz",
      "integrity": "sha512-hEQEcPGRj4W2UT4IIBsNw29zMNV6vtXQ8ttitQ+Uc5XpdQ7i8d5VgKfm6fPmYbbApKXa98dUoEzDgk1oqXVlMg==",
      "funding": {
        "type": "opencollective",
        "url": "https://opencollective.com/redom"
      }
    }
  },
  "dependencies": {
    "imask": {
      "version": "6.4.3",
      "resolved": "https://registry.npmjs.org/imask/-/imask-6.4.3.tgz",
      "integrity": "sha512-aH2GHemGkr3cbRBfhogHMIx05eUxdHrZNlKTTLmz8VxpSopuHHJ8+85FsDlBVQqxPlDLhZuwj4lpHHWbLOdBSw=="
    },
    "inputmask": {
      "version": "5.0.7",
      "resolved": "https://registry.npmjs.org/inputmask/-/inputmask-5.0.7.tgz",
      "integrity": "sha512-rUxbRDS25KEib+c/Ow+K01oprU/+EK9t9SOPC8ov94/ftULGDqj1zOgRU/Hko6uzoKRMdwCfuhAafJ/Wk2wffQ=="
    },
    "redom": {
      "version": "3.29.1",
      "resolved": "https://registry.npmjs.org/redom/-/redom-3.29.1.tgz",
      "integrity": "sha512-hEQEcPGRj4W2UT4IIBsNw29zMNV6vtXQ8ttitQ+Uc5XpdQ7i8d5VgKfm6fPmYbbApKXa98dUoEzDgk1oqXVlMg=="
    }
  }
}
